Microsoft Visual Studio Solution File, Format Version 11.00
# Visual Studio 2010
Project("{8BC9CEB8-8B4A-11D0-8D11-00A0C91BC942}") = "ErgoActive", "Source\Main\ErgoActive.vcxproj", "{2CE9A271-B9DB-4620-95E9-24D51ACA4547}"
EndProject
Project("{8BC9CEB8-8B4A-11D0-8D11-00A0C91BC942}") = "LibExpat", "Libraries\expat\LibExpat\LibExpat.vcxproj", "{9CB73A04-FCA6-4279-A532-F269B6672BF2}"
EndProject
Project("{8BC9CEB8-8B4A-11D0-8D11-00A0C91BC942}") = "Hooks", "Source\Hooks\Hooks.vcxproj", "{EAC18C67-BED2-4217-964C-CE765241FC78}"
EndProject
Global
	GlobalSection(SolutionConfigurationPlatforms) = preSolution
		Debug Unicode|Win32 = Debug Unicode|Win32
		Debug|Win32 = Debug|Win32
		Release Unicode|Win32 = Release Unicode|Win32
		Release|Win32 = Release|Win32
	EndGlobalSection
	GlobalSection(ProjectConfigurationPlatforms) = postSolution
		{2CE9A271-B9DB-4620-95E9-24D51ACA4547}.Debug Unicode|Win32.ActiveCfg = Debug|Win32
		{2CE9A271-B9DB-4620-95E9-24D51ACA4547}.Debug Unicode|Win32.Build.0 = Debug|Win32
		{2CE9A271-B9DB-4620-95E9-24D51ACA4547}.Debug|Win32.ActiveCfg = Debug|Win32
		{2CE9A271-B9DB-4620-95E9-24D51ACA4547}.Debug|Win32.Build.0 = Debug|Win32
		{2CE9A271-B9DB-4620-95E9-24D51ACA4547}.Release Unicode|Win32.ActiveCfg = Release|Win32
		{2CE9A271-B9DB-4620-95E9-24D51ACA4547}.Release Unicode|Win32.Build.0 = Release|Win32
		{2CE9A271-B9DB-4620-95E9-24D51ACA4547}.Release|Win32.ActiveCfg = Release|Win32
		{2CE9A271-B9DB-4620-95E9-24D51ACA4547}.Release|Win32.Build.0 = Release|Win32
		{9CB73A04-FCA6-4279-A532-F269B6672BF2}.Debug Unicode|Win32.ActiveCfg = Debug Unicode|Win32
		{9CB73A04-FCA6-4279-A532-F269B6672BF2}.Debug Unicode|Win32.Build.0 = Debug Unicode|Win32
		{9CB73A04-FCA6-4279-A532-F269B6672BF2}.Debug|Win32.ActiveCfg = Debug|Win32
		{9CB73A04-FCA6-4279-A532-F269B6672BF2}.Debug|Win32.Build.0 = Debug|Win32
		{9CB73A04-FCA6-4279-A532-F269B6672BF2}.Release Unicode|Win32.ActiveCfg = Release Unicode|Win32
		{9CB73A04-FCA6-4279-A532-F269B6672BF2}.Release Unicode|Win32.Build.0 = Release Unicode|Win32
		{9CB73A04-FCA6-4279-A532-F269B6672BF2}.Release|Win32.ActiveCfg = Release|Win32
		{9CB73A04-FCA6-4279-A532-F269B6672BF2}.Release|Win32.Build.0 = Release|Win32
		{EAC18C67-BED2-4217-964C-CE765241FC78}.Debug Unicode|Win32.ActiveCfg = Debug|Win32
		{EAC18C67-BED2-4217-964C-CE765241FC78}.Debug Unicode|Win32.Build.0 = Debug|Win32
		{EAC18C67-BED2-4217-964C-CE765241FC78}.Debug|Win32.ActiveCfg = Debug|Win32
		{EAC18C67-BED2-4217-964C-CE765241FC78}.Debug|Win32.Build.0 = Debug|Win32
		{EAC18C67-BED2-4217-964C-CE765241FC78}.Release Unicode|Win32.ActiveCfg = Release|Win32
		{EAC18C67-BED2-4217-964C-CE765241FC78}.Release Unicode|Win32.Build.0 = Release|Win32
		{EAC18C67-BED2-4217-964C-CE765241FC78}.Release|Win32.ActiveCfg = Release|Win32
		{EAC18C67-BED2-4217-964C-CE765241FC78}.Release|Win32.Build.0 = Release|Win32
	EndGlobalSection
	GlobalSection(SolutionProperties) = preSolution
		HideSolutionNode = FALSE
	EndGlobalSection
EndGlobal
